
Microsoft Visual Studio Solution File, Format Version 12.00
# Visual Studio Version 17
VisualStudioVersion = 17.8.34330.188
MinimumVisualStudioVersion = 10.0.40219.1
Project("{9A19103F-16F7-4668-BE54-9A1E7A4F7556}") = "Crayon.TechExercise.CloudSales.Api", "Crayon.TechExercise.CloudSales.Api\Crayon.TechExercise.CloudSales.Api.csproj", "{DC57F73B-8261-42CE-91C2-D0A20BC9E271}"
EndProject
Project("{9A19103F-16F7-4668-BE54-9A1E7A4F7556}") = "Crayon.TechExercise.CloudSales.DB.Sql", "Crayon.TechExercise.CloudSales.DB.Sql\Crayon.TechExercise.CloudSales.DB.Sql.csproj", "{CD9DB0B8-9F43-4F28-8FE7-7347AE18A00D}"
EndProject
Project("{9A19103F-16F7-4668-BE54-9A1E7A4F7556}") = "Crayon.TechExercise.CloudSales.Application", "Crayon.TechExercise.CloudSales.Application\Crayon.TechExercise.CloudSales.Application.csproj", "{DD561606-D962-4E6C-8256-AB73A676901F}"
EndProject
Project("{9A19103F-16F7-4668-BE54-9A1E7A4F7556}") = "Crayon.TechExercise.CloudSales.Domain", "Crayon.TechExercise.CloudSales.Domain\Crayon.TechExercise.CloudSales.Domain.csproj", "{13349CDF-6796-4B9D-BB3B-3604864100F7}"
EndProject
Project("{9A19103F-16F7-4668-BE54-9A1E7A4F7556}") = "Crayon.TechExercise.CloudSales.Infrastructure", "Crayon.TechExercise.CloudSales.Infrastructure\Crayon.TechExercise.CloudSales.Infrastructure.csproj", "{192D6366-FAEA-44A3-87B5-0634B5C9B6D7}"
EndProject
Project("{2150E333-8FDC-42A3-9474-1A3956D46DE8}") = "Tests", "Tests", "{D8AD4DF1-9CDA-45C9-B117-E47262DACE5A}"
EndProject
Project("{9A19103F-16F7-4668-BE54-9A1E7A4F7556}") = "Crayon.TechExercise.CloudSales.Application.Tests", "Crayon.TechExercise.CloudSales.Application.Tests\Crayon.TechExercise.CloudSales.Application.Tests.csproj", "{57084FFE-CD24-45F7-B65D-99400854FF7C}"
EndProject
Global
	GlobalSection(SolutionConfigurationPlatforms) = preSolution
		Debug|Any CPU = Debug|Any CPU
		Release|Any CPU = Release|Any CPU
	EndGlobalSection
	GlobalSection(ProjectConfigurationPlatforms) = postSolution
		{DC57F73B-8261-42CE-91C2-D0A20BC9E271}.Debug|Any CPU.ActiveCfg = Debug|Any CPU
		{DC57F73B-8261-42CE-91C2-D0A20BC9E271}.Debug|Any CPU.Build.0 = Debug|Any CPU
		{DC57F73B-8261-42CE-91C2-D0A20BC9E271}.Release|Any CPU.ActiveCfg = Release|Any CPU
		{DC57F73B-8261-42CE-91C2-D0A20BC9E271}.Release|Any CPU.Build.0 = Release|Any CPU
		{CD9DB0B8-9F43-4F28-8FE7-7347AE18A00D}.Debug|Any CPU.ActiveCfg = Debug|Any CPU
		{CD9DB0B8-9F43-4F28-8FE7-7347AE18A00D}.Debug|Any CPU.Build.0 = Debug|Any CPU
		{CD9DB0B8-9F43-4F28-8FE7-7347AE18A00D}.Release|Any CPU.ActiveCfg = Release|Any CPU
		{CD9DB0B8-9F43-4F28-8FE7-7347AE18A00D}.Release|Any CPU.Build.0 = Release|Any CPU
		{DD561606-D962-4E6C-8256-AB73A676901F}.Debug|Any CPU.ActiveCfg = Debug|Any CPU
		{DD561606-D962-4E6C-8256-AB73A676901F}.Debug|Any CPU.Build.0 = Debug|Any CPU
		{DD561606-D962-4E6C-8256-AB73A676901F}.Release|Any CPU.ActiveCfg = Release|Any CPU
		{DD561606-D962-4E6C-8256-AB73A676901F}.Release|Any CPU.Build.0 = Release|Any CPU
		{13349CDF-6796-4B9D-BB3B-3604864100F7}.Debug|Any CPU.ActiveCfg = Debug|Any CPU
		{13349CDF-6796-4B9D-BB3B-3604864100F7}.Debug|Any CPU.Build.0 = Debug|Any CPU
		{13349CDF-6796-4B9D-BB3B-3604864100F7}.Release|Any CPU.ActiveCfg = Release|Any CPU
		{13349CDF-6796-4B9D-BB3B-3604864100F7}.Release|Any CPU.Build.0 = Release|Any CPU
		{192D6366-FAEA-44A3-87B5-0634B5C9B6D7}.Debug|Any CPU.ActiveCfg = Debug|Any CPU
		{192D6366-FAEA-44A3-87B5-0634B5C9B6D7}.Debug|Any CPU.Build.0 = Debug|Any CPU
		{192D6366-FAEA-44A3-87B5-0634B5C9B6D7}.Release|Any CPU.ActiveCfg = Release|Any CPU
		{192D6366-FAEA-44A3-87B5-0634B5C9B6D7}.Release|Any CPU.Build.0 = Release|Any CPU
		{57084FFE-CD24-45F7-B65D-99400854FF7C}.Debug|Any CPU.ActiveCfg = Debug|Any CPU
		{57084FFE-CD24-45F7-B65D-99400854FF7C}.Debug|Any CPU.Build.0 = Debug|Any CPU
		{57084FFE-CD24-45F7-B65D-99400854FF7C}.Release|Any CPU.ActiveCfg = Release|Any CPU
		{57084FFE-CD24-45F7-B65D-99400854FF7C}.Release|Any CPU.Build.0 = Release|Any CPU
	EndGlobalSection
	GlobalSection(SolutionProperties) = preSolution
		HideSolutionNode = FALSE
	EndGlobalSection
	GlobalSection(NestedProjects) = preSolution
		{57084FFE-CD24-45F7-B65D-99400854FF7C} = {D8AD4DF1-9CDA-45C9-B117-E47262DACE5A}
	EndGlobalSection
	GlobalSection(ExtensibilityGlobals) = postSolution
		SolutionGuid = {B3EFB361-339F-47F6-9F2E-70A1BD366114}
	EndGlobalSection
EndGlobal
